
Microsoft Visual Studio Solution File, Format Version 12.00
# Visual Studio Version 17
VisualStudioVersion = 17.13.36105.23 d17.13
MinimumVisualStudioVersion = 10.0.40219.1
Project("{FAE04EC0-301F-11D3-BF4B-00C04F79EFBC}") = "Farmalia.Core", "Farmalia.Core.csproj", "{A2B9589A-B619-4A44-AA67-C640FDB7F29E}"
EndProject
Global
	GlobalSection(SolutionConfigurationPlatforms) = preSolution
		Debug|Any CPU = Debug|Any CPU
		Release|Any CPU = Release|Any CPU
	EndGlobalSection
	GlobalSection(ProjectConfigurationPlatforms) = postSolution
		{A2B9589A-B619-4A44-AA67-C640FDB7F29E}.Debug|Any CPU.ActiveCfg = Debug|Any CPU
		{A2B9589A-B619-4A44-AA67-C640FDB7F29E}.Debug|Any CPU.Build.0 = Debug|Any CPU
		{A2B9589A-B619-4A44-AA67-C640FDB7F29E}.Release|Any CPU.ActiveCfg = Release|Any CPU
		{A2B9589A-B619-4A44-AA67-C640FDB7F29E}.Release|Any CPU.Build.0 = Release|Any CPU
	EndGlobalSection
	GlobalSection(SolutionProperties) = preSolution
		HideSolutionNode = FALSE
	EndGlobalSection
	GlobalSection(ExtensibilityGlobals) = postSolution
		SolutionGuid = {688205D0-99C0-4CEC-B03D-679095B9DCC0}
	EndGlobalSection
EndGlobal
